
Microsoft Visual Studio Solution File, Format Version 12.00
Project("{FAE04EC0-301F-11D3-BF4B-00C04F79EFBC}") = "DatadogTestLogger", "DatadogTestLogger.csproj", "{58446C9B-C295-49BB-85EC-79199290149E}"
EndProject
Project("{2150E333-8FDC-42A3-9474-1A3956D46DE8}") = "Samples", "Samples", "{C2933331-142F-4187-B5C0-5CC8BBFD7452}"
EndProject
Project("{FAE04EC0-301F-11D3-BF4B-00C04F79EFBC}") = "XunitSample", "..\Samples\XunitSample\XunitSample.csproj", "{0388C6E4-B711-47B9-9EE9-FCBB3B7B3E45}"
EndProject
Project("{FAE04EC0-301F-11D3-BF4B-00C04F79EFBC}") = "NUnitSample", "..\Samples\NUnitSample\NUnitSample.csproj", "{5D9513FF-CC71-42A5-84E5-11B17F3AE75F}"
EndProject
Project("{FAE04EC0-301F-11D3-BF4B-00C04F79EFBC}") = "MSTestSample", "..\Samples\MSTestSample\MSTestSample.csproj", "{AB0736C9-9C6C-477C-9D1D-6985C8A171E8}"
EndProject
Project("{9A19103F-16F7-4668-BE54-9A1E7A4F7556}") = "_build", "..\..\build\_build.csproj", "{130497B9-4C3A-4C9B-955C-D715DAF8B95F}"
EndProject
Global
	GlobalSection(SolutionConfigurationPlatforms) = preSolution
		Debug|Any CPU = Debug|Any CPU
		Release|Any CPU = Release|Any CPU
	EndGlobalSection
	GlobalSection(ProjectConfigurationPlatforms) = postSolution
		{130497B9-4C3A-4C9B-955C-D715DAF8B95F}.Debug|Any CPU.ActiveCfg = Debug|Any CPU
		{130497B9-4C3A-4C9B-955C-D715DAF8B95F}.Release|Any CPU.ActiveCfg = Release|Any CPU
		{58446C9B-C295-49BB-85EC-79199290149E}.Debug|Any CPU.ActiveCfg = Debug|Any CPU
		{58446C9B-C295-49BB-85EC-79199290149E}.Debug|Any CPU.Build.0 = Debug|Any CPU
		{58446C9B-C295-49BB-85EC-79199290149E}.Release|Any CPU.ActiveCfg = Release|Any CPU
		{58446C9B-C295-49BB-85EC-79199290149E}.Release|Any CPU.Build.0 = Release|Any CPU
		{0388C6E4-B711-47B9-9EE9-FCBB3B7B3E45}.Debug|Any CPU.ActiveCfg = Debug|Any CPU
		{0388C6E4-B711-47B9-9EE9-FCBB3B7B3E45}.Debug|Any CPU.Build.0 = Debug|Any CPU
		{0388C6E4-B711-47B9-9EE9-FCBB3B7B3E45}.Release|Any CPU.ActiveCfg = Release|Any CPU
		{0388C6E4-B711-47B9-9EE9-FCBB3B7B3E45}.Release|Any CPU.Build.0 = Release|Any CPU
		{5D9513FF-CC71-42A5-84E5-11B17F3AE75F}.Debug|Any CPU.ActiveCfg = Debug|Any CPU
		{5D9513FF-CC71-42A5-84E5-11B17F3AE75F}.Debug|Any CPU.Build.0 = Debug|Any CPU
		{5D9513FF-CC71-42A5-84E5-11B17F3AE75F}.Release|Any CPU.ActiveCfg = Release|Any CPU
		{5D9513FF-CC71-42A5-84E5-11B17F3AE75F}.Release|Any CPU.Build.0 = Release|Any CPU
		{AB0736C9-9C6C-477C-9D1D-6985C8A171E8}.Debug|Any CPU.ActiveCfg = Debug|Any CPU
		{AB0736C9-9C6C-477C-9D1D-6985C8A171E8}.Debug|Any CPU.Build.0 = Debug|Any CPU
		{AB0736C9-9C6C-477C-9D1D-6985C8A171E8}.Release|Any CPU.ActiveCfg = Release|Any CPU
		{AB0736C9-9C6C-477C-9D1D-6985C8A171E8}.Release|Any CPU.Build.0 = Release|Any CPU
	EndGlobalSection
	GlobalSection(NestedProjects) = preSolution
		{0388C6E4-B711-47B9-9EE9-FCBB3B7B3E45} = {C2933331-142F-4187-B5C0-5CC8BBFD7452}
		{5D9513FF-CC71-42A5-84E5-11B17F3AE75F} = {C2933331-142F-4187-B5C0-5CC8BBFD7452}
		{AB0736C9-9C6C-477C-9D1D-6985C8A171E8} = {C2933331-142F-4187-B5C0-5CC8BBFD7452}
	EndGlobalSection
EndGlobal
